// !$*UTF8*$!
{
	archiveVersion = 1;
	classes = {
	};
	objectVersion = 50;
	objects = {

/* Begin PBXBuildFile section */
		184425FD23C48F96001FC014 /* AppDelegate.m in Sources */ = {isa = PBXBuildFile; fileRef = 184425FC23C48F96001FC014 /* AppDelegate.m */; };
		1844260023C48F96001FC014 /* SceneDelegate.m in Sources */ = {isa = PBXBuildFile; fileRef = 184425FF23C48F96001FC014 /* SceneDelegate.m */; };
		1844260323C48F96001FC014 /* ViewController.m in Sources */ = {isa = PBXBuildFile; fileRef = 1844260223C48F96001FC014 /* ViewController.m */; };
		1844260623C48F96001FC014 /* Main.storyboard in Resources */ = {isa = PBXBuildFile; fileRef = 1844260423C48F96001FC014 /* Main.storyboard */; };
		1844260823C48F9B001FC014 /* Assets.xcassets in Resources */ = {isa = PBXBuildFile; fileRef = 1844260723C48F9B001FC014 /* Assets.xcassets */; };
		1844260B23C48F9B001FC014 /* LaunchScreen.storyboard in Resources */ = {isa = PBXBuildFile; fileRef = 1844260923C48F9B001FC014 /* LaunchScreen.storyboard */; };
		1844260E23C48F9B001FC014 /* main.m in Sources */ = {isa = PBXBuildFile; fileRef = 1844260D23C48F9B001FC014 /* main.m */; };
		1844261823C48F9B001FC014 /* SpecsTestDemoTests.m in Sources */ = {isa = PBXBuildFile; fileRef = 1844261723C48F9B001FC014 /* SpecsTestDemoTests.m */; };
		1844262323C48F9B001FC014 /* SpecsTestDemoUITests.m in Sources */ = {isa = PBXBuildFile; fileRef = 1844262223C48F9B001FC014 /* SpecsTestDemoUITests.m */; };
/* End PBXBuildFile section */

/* Begin PBXContainerItemProxy section */
		1844261423C48F9B001FC014 /* PBXContainerItemProxy */ = {
			isa = PBXContainerItemProxy;
			containerPortal = 184425F023C48F96001FC014 /* Project object */;
			proxyType = 1;
			remoteGlobalIDString = 184425F723C48F96001FC014;
			remoteInfo = SpecsTestDemo;
		};
		1844261F23C48F9B001FC014 /* PBXContainerItemProxy */ = {
			isa = PBXContainerItemProxy;
			containerPortal = 184425F023C48F96001FC014 /* Project object */;
			proxyType = 1;
			remoteGlobalIDString = 184425F723C48F96001FC014;
			remoteInfo = SpecsTestDemo;
		};
/* End PBXContainerItemProxy section */

/* Begin PBXFileReference section */
		184425F823C48F96001FC014 /* SpecsTestDemo.app */ = {isa = PBXFileReference; explicitFileType = wrapper.application; includeInIndex = 0; path = SpecsTestDemo.app; sourceTree = BUILT_PRODUCTS_DIR; };
		184425FB23C48F96001FC014 /* AppDelegate.h */ = {isa = PBXFileReference; lastKnownFileType = sourcecode.c.h; path = AppDelegate.h; sourceTree = "<group>"; };
		184425FC23C48F96001FC014 /* AppDelegate.m */ = {isa = PBXFileReference; lastKnownFileType = sourcecode.c.objc; path = AppDelegate.m; sourceTree = "<group>"; };
		184425FE23C48F96001FC014 /* SceneDelegate.h */ = {isa = PBXFileReference; lastKnownFileType = sourcecode.c.h; path = SceneDelegate.h; sourceTree = "<group>"; };
		184425FF23C48F96001FC014 /* SceneDelegate.m */ = {isa = PBXFileReference; lastKnownFileType = sourcecode.c.objc; path = SceneDelegate.m; sourceTree = "<group>"; };
		1844260123C48F96001FC014 /* ViewController.h */ = {isa = PBXFileReference; lastKnownFileType = sourcecode.c.h; path = ViewController.h; sourceTree = "<group>"; };
		1844260223C48F96001FC014 /* ViewController.m */ = {isa = PBXFileReference; lastKnownFileType = sourcecode.c.objc; path = ViewController.m; sourceTree = "<group>"; };
		1844260523C48F96001FC014 /* Base */ = {isa = PBXFileReference; lastKnownFileType = file.storyboard; name = Base; path = Base.lproj/Main.storyboard; sourceTree = "<group>"; };
		1844260723C48F9B001FC014 /* Assets.xcassets */ = {isa = PBXFileReference; lastKnownFileType = folder.assetcatalog; path = Assets.xcassets; sourceTree = "<group>"; };
		1844260A23C48F9B001FC014 /* Base */ = {isa = PBXFileReference; lastKnownFileType = file.storyboard; name = Base; path = Base.lproj/LaunchScreen.storyboard; sourceTree = "<group>"; };
		1844260C23C48F9B001FC014 /* Info.plist */ = {isa = PBXFileReference; lastKnownFileType = text.plist.xml; path = Info.plist; sourceTree = "<group>"; };
		1844260D23C48F9B001FC014 /* main.m */ = {isa = PBXFileReference; lastKnownFileType = sourcecode.c.objc; path = main.m; sourceTree = "<group>"; };
		1844261323C48F9B001FC014 /* SpecsTestDemoTests.xctest */ = {isa = PBXFileReference; explicitFileType = wrapper.cfbundle; includeInIndex = 0; path = SpecsTestDemoTests.xctest; sourceTree = BUILT_PRODUCTS_DIR; };
		1844261723C48F9B001FC014 /* SpecsTestDemoTests.m */ = {isa = PBXFileReference; lastKnownFileType = sourcecode.c.objc; path = SpecsTestDemoTests.m; sourceTree = "<group>"; };
		1844261923C48F9B001FC014 /* Info.plist */ = {isa = PBXFileReference; lastKnownFileType = text.plist.xml; path = Info.plist; sourceTree = "<group>"; };
		1844261E23C48F9B001FC014 /* SpecsTestDemoUITests.xctest */ = {isa = PBXFileReference; explicitFileType = wrapper.cfbundle; includeInIndex = 0; path = SpecsTestDemoUITests.xctest; sourceTree = BUILT_PRODUCTS_DIR; };
		1844262223C48F9B001FC014 /* SpecsTestDemoUITests.m */ = {isa = PBXFileReference; lastKnownFileType = sourcecode.c.objc; path = SpecsTestDemoUITests.m; sourceTree = "<group>"; };
		1844262423C48F9B001FC014 /* Info.plist */ = {isa = PBXFileReference; lastKnownFileType = text.plist.xml; path = Info.plist; sourceTree = "<group>"; };
/* End PBXFileReference section */

/* Begin PBXFrameworksBuildPhase section */
		184425F523C48F96001FC014 /* Frameworks */ = {
			isa = PBXFrameworksBuildPhase;
			buildActionMask = 2147483647;
			files = (
			);
			runOnlyForDeploymentPostprocessing = 0;
		};
		1844261023C48F9B001FC014 /* Frameworks */ = {
			isa = PBXFrameworksBuildPhase;
			buildActionMask = 2147483647;
			files = (
			);
			runOnlyForDeploymentPostprocessing = 0;
		};
		1844261B23C48F9B001FC014 /* Frameworks */ = {
			isa = PBXFrameworksBuildPhase;
			buildActionMask = 2147483647;
			files = (
			);
			runOnlyForDeploymentPostprocessing = 0;
		};
/* End PBXFrameworksBuildPhase section */

/* Begin PBXGroup section */
		184425EF23C48F96001FC014 = {
			isa = PBXGroup;
			children = (
				184425FA23C48F96001FC014 /* SpecsTestDemo */,
				1844261623C48F9B001FC014 /* SpecsTestDemoTests */,
				1844262123C48F9B001FC014 /* SpecsTestDemoUITests */,
				184425F923C48F96001FC014 /* Products */,
			);
			sourceTree = "<group>";
		};
		184425F923C48F96001FC014 /* Products */ = {
			isa = PBXGroup;
			children = (
				184425F823C48F96001FC014 /* SpecsTestDemo.app */,
				1844261323C48F9B001FC014 /* SpecsTestDemoTests.xctest */,
				1844261E23C48F9B001FC014 /* SpecsTestDemoUITests.xctest */,
			);
			name = Products;
			sourceTree = "<group>";
		};
		184425FA23C48F96001FC014 /* SpecsTestDemo */ = {
			isa = PBXGroup;
			children = (
				184425FB23C48F96001FC014 /* AppDelegate.h */,
				184425FC23C48F96001FC014 /* AppDelegate.m */,
				184425FE23C48F96001FC014 /* SceneDelegate.h */,
				184425FF23C48F96001FC014 /* SceneDelegate.m */,
				1844260123C48F96001FC014 /* ViewController.h */,
				1844260223C48F96001FC014 /* ViewController.m */,
				1844260423C48F96001FC014 /* Main.storyboard */,
				1844260723C48F9B001FC014 /* Assets.xcassets */,
				1844260923C48F9B001FC014 /* LaunchScreen.storyboard */,
				1844260C23C48F9B001FC014 /* Info.plist */,
				1844260D23C48F9B001FC014 /* main.m */,
			);
			path = SpecsTestDemo;
			sourceTree = "<group>";
		};
		1844261623C48F9B001FC014 /* SpecsTestDemoTests */ = {
			isa = PBXGroup;
			children = (
				1844261723C48F9B001FC014 /* SpecsTestDemoTests.m */,
				1844261923C48F9B001FC014 /* Info.plist */,
			);
			path = SpecsTestDemoTests;
			sourceTree = "<group>";
		};
		1844262123C48F9B001FC014 /* SpecsTestDemoUITests */ = {
			isa = PBXGroup;
			children = (
				1844262223C48F9B001FC014 /* SpecsTestDemoUITests.m */,
				1844262423C48F9B001FC014 /* Info.plist */,
			);
			path = SpecsTestDemoUITests;
			sourceTree = "<group>";
		};
/* End PBXGroup section */

/* Begin PBXNativeTarget section */
		184425F723C48F96001FC014 /* SpecsTestDemo */ = {
			isa = PBXNativeTarget;
			buildConfigurationList = 1844262723C48F9B001FC014 /* Build configuration list for PBXNativeTarget "SpecsTestDemo" */;
			buildPhases = (
				184425F423C48F96001FC014 /* Sources */,
				184425F523C48F96001FC014 /* Frameworks */,
				184425F623C48F96001FC014 /* Resources */,
			);
			buildRules = (
			);
			dependencies = (
			);
			name = SpecsTestDemo;
			productName = SpecsTestDemo;
			productReference = 184425F823C48F96001FC014 /* SpecsTestDemo.app */;
			productType = "com.apple.product-type.application";
		};
		1844261223C48F9B001FC014 /* SpecsTestDemoTests */ = {
			isa = PBXNativeTarget;
			buildConfigurationList = 1844262A23C48F9B001FC014 /* Build configuration list for PBXNativeTarget "SpecsTestDemoTests" */;
			buildPhases = (
				1844260F23C48F9B001FC014 /* Sources */,
				1844261023C48F9B001FC014 /* Frameworks */,
				1844261123C48F9B001FC014 /* Resources */,
			);
			buildRules = (
			);
			dependencies = (
				1844261523C48F9B001FC014 /* PBXTargetDependency */,
			);
			name = SpecsTestDemoTests;
			productName = SpecsTestDemoTests;
			productReference = 1844261323C48F9B001FC014 /* SpecsTestDemoTests.xctest */;
			productType = "com.apple.product-type.bundle.unit-test";
		};
		1844261D23C48F9B001FC014 /* SpecsTestDemoUITests */ = {
			isa = PBXNativeTarget;
			buildConfigurationList = 1844262D23C48F9B001FC014 /* Build configuration list for PBXNativeTarget "SpecsTestDemoUITests" */;
			buildPhases = (
				1844261A23C48F9B001FC014 /* Sources */,
				1844261B23C48F9B001FC014 /* Frameworks */,
				1844261C23C48F9B001FC014 /* Resources */,
			);
			buildRules = (
			);
			dependencies = (
				1844262023C48F9B001FC014 /* PBXTargetDependency */,
			);
			name = SpecsTestDemoUITests;
			productName = SpecsTestDemoUITests;
			productReference = 1844261E23C48F9B001FC014 /* SpecsTestDemoUITests.xctest */;
			productType = "com.apple.product-type.bundle.ui-testing";
		};
/* End PBXNativeTarget section */

/* Begin PBXProject section */
		184425F023C48F96001FC014 /* Project object */ = {
			isa = PBXProject;
			attributes = {
				LastUpgradeCheck = 1130;
				ORGANIZATIONNAME = baobao;
				TargetAttributes = {
					184425F723C48F96001FC014 = {
						CreatedOnToolsVersion = 11.3;
					};
					1844261223C48F9B001FC014 = {
						CreatedOnToolsVersion = 11.3;
						TestTargetID = 184425F723C48F96001FC014;
					};
					1844261D23C48F9B001FC014 = {
						CreatedOnToolsVersion = 11.3;
						TestTargetID = 184425F723C48F96001FC014;
					};
				};
			};
			buildConfigurationList = 184425F323C48F96001FC014 /* Build configuration list for PBXProject "SpecsTestDemo" */;
			compatibilityVersion = "Xcode 9.3";
			developmentRegion = en;
			hasScannedForEncodings = 0;
			knownRegions = (
				en,
				Base,
			);
			mainGroup = 184425EF23C48F96001FC014;
			productRefGroup = 184425F923C48F96001FC014 /* Products */;
			projectDirPath = "";
			projectRoot = "";
			targets = (
				184425F723C48F96001FC014 /* SpecsTestDemo */,
				1844261223C48F9B001FC014 /* SpecsTestDemoTests */,
				1844261D23C48F9B001FC014 /* SpecsTestDemoUITests */,
			);
		};
/* End PBXProject section */

/* Begin PBXResourcesBuildPhase section */
		184425F623C48F96001FC014 /* Resources */ = {
			isa = PBXResourcesBuildPhase;
			buildActionMask = 2147483647;
			files = (
				1844260B23C48F9B001FC014 /* LaunchScreen.storyboard in Resources */,
				1844260823C48F9B001FC014 /* Assets.xcassets in Resources */,
				1844260623C48F96001FC014 /* Main.storyboard in Resources */,
			);
			runOnlyForDeploymentPostprocessing = 0;
		};
		1844261123C48F9B001FC014 /* Resources */ = {
			isa = PBXResourcesBuildPhase;
			buildActionMask = 2147483647;
			files = (
			);
			runOnlyForDeploymentPostprocessing = 0;
		};
		1844261C23C48F9B001FC014 /* Resources */ = {
			isa = PBXResourcesBuildPhase;
			buildActionMask = 2147483647;
			files = (
			);
			runOnlyForDeploymentPostprocessing = 0;
		};
/* End PBXResourcesBuildPhase section */

/* Begin PBXSourcesBuildPhase section */
		184425F423C48F96001FC014 /* Sources */ = {
			isa = PBXSourcesBuildPhase;
			buildActionMask = 2147483647;
			files = (
				1844260323C48F96001FC014 /* ViewController.m in Sources */,
				184425FD23C48F96001FC014 /* AppDelegate.m in Sources */,
				1844260E23C48F9B001FC014 /* main.m in Sources */,
				1844260023C48F96001FC014 /* SceneDelegate.m in Sources */,
			);
			runOnlyForDeploymentPostprocessing = 0;
		};
		1844260F23C48F9B001FC014 /* Sources */ = {
			isa = PBXSourcesBuildPhase;
			buildActionMask = 2147483647;
			files = (
				1844261823C48F9B001FC014 /* SpecsTestDemoTests.m in Sources */,
			);
			runOnlyForDeploymentPostprocessing = 0;
		};
		1844261A23C48F9B001FC014 /* Sources */ = {
			isa = PBXSourcesBuildPhase;
			buildActionMask = 2147483647;
			files = (
				1844262323C48F9B001FC014 /* SpecsTestDemoUITests.m in Sources */,
			);
			runOnlyForDeploymentPostprocessing = 0;
		};
/* End PBXSourcesBuildPhase section */

/* Begin PBXTargetDependency section */
		1844261523C48F9B001FC014 /* PBXTargetDependency */ = {
			isa = PBXTargetDependency;
			target = 184425F723C48F96001FC014 /* SpecsTestDemo */;
			targetProxy = 1844261423C48F9B001FC014 /* PBXContainerItemProxy */;
		};
		1844262023C48F9B001FC014 /* PBXTargetDependency */ = {
			isa = PBXTargetDependency;
			target = 184425F723C48F96001FC014 /* SpecsTestDemo */;
			targetProxy = 1844261F23C48F9B001FC014 /* PBXContainerItemProxy */;
		};
/* End PBXTargetDependency section */

/* Begin PBXVariantGroup section */
		1844260423C48F96001FC014 /* Main.storyboard */ = {
			isa = PBXVariantGroup;
			children = (
				1844260523C48F96001FC014 /* Base */,
			);
			name = Main.storyboard;
			sourceTree = "<group>";
		};
		1844260923C48F9B001FC014 /* LaunchScreen.storyboard */ = {
			isa = PBXVariantGroup;
			children = (
				1844260A23C48F9B001FC014 /* Base */,
			);
			name = LaunchScreen.storyboard;
			sourceTree = "<group>";
		};
/* End PBXVariantGroup section */

/* Begin XCBuildConfiguration section */
		1844262523C48F9B001FC014 /* Debug */ = {
			isa = XCBuildConfiguration;
			buildSettings = {
				ALWAYS_SEARCH_USER_PATHS = NO;
				CLANG_ANALYZER_NONNULL = YES;
				CLANG_ANALYZER_NUMBER_OBJECT_CONVERSION = YES_AGGRESSIVE;
				CLANG_CXX_LANGUAGE_STANDARD = "gnu++14";
				CLANG_CXX_LIBRARY = "libc++";
				CLANG_ENABLE_MODULES = YES;
				CLANG_ENABLE_OBJC_ARC = YES;
				CLANG_ENABLE_OBJC_WEAK = YES;
				CLANG_WARN_BLOCK_CAPTURE_AUTORELEASING = YES;
				CLANG_WARN_BOOL_CONVERSION = YES;
				CLANG_WARN_COMMA = YES;
				CLANG_WARN_CONSTANT_CONVERSION = YES;
				CLANG_WARN_DEPRECATED_OBJC_IMPLEMENTATIONS = YES;
				CLANG_WARN_DIRECT_OBJC_ISA_USAGE = YES_ERROR;
				CLANG_WARN_DOCUMENTATION_COMMENTS = YES;
				CLANG_WARN_EMPTY_BODY = YES;
				CLANG_WARN_ENUM_CONVERSION = YES;
				CLANG_WARN_INFINITE_RECURSION = YES;
				CLANG_WARN_INT_CONVERSION = YES;
				CLANG_WARN_NON_LITERAL_NULL_CONVERSION = YES;
				CLANG_WARN_OBJC_IMPLICIT_RETAIN_SELF = YES;
				CLANG_WARN_OBJC_LITERAL_CONVERSION = YES;
				CLANG_WARN_OBJC_ROOT_CLASS = YES_ERROR;
				CLANG_WARN_RANGE_LOOP_ANALYSIS = YES;
				CLANG_WARN_STRICT_PROTOTYPES = YES;
				CLANG_WARN_SUSPICIOUS_MOVE = YES;
				CLANG_WARN_UNGUARDED_AVAILABILITY = YES_AGGRESSIVE;
				CLANG_WARN_UNREACHABLE_CODE = YES;
				CLANG_WARN__DUPLICATE_METHOD_MATCH = YES;
				COPY_PHASE_STRIP = NO;
				DEBUG_INFORMATION_FORMAT = dwarf;
				ENABLE_STRICT_OBJC_MSGSEND = YES;
				ENABLE_TESTABILITY = YES;
				GCC_C_LANGUAGE_STANDARD = gnu11;
				GCC_DYNAMIC_NO_PIC = NO;
				GCC_NO_COMMON_BLOCKS = YES;
				GCC_OPTIMIZATION_LEVEL = 0;
				GCC_PREPROCESSOR_DEFINITIONS = (
					"DEBUG=1",
					"$(inherited)",
				);
				GCC_WARN_64_TO_32_BIT_CONVERSION = YES;
				GCC_WARN_ABOUT_RETURN_TYPE = YES_ERROR;
				GCC_WARN_UNDECLARED_SELECTOR = YES;
				GCC_WARN_UNINITIALIZED_AUTOS = YES_AGGRESSIVE;
				GCC_WARN_UNUSED_FUNCTION = YES;
				GCC_WARN_UNUSED_VARIABLE = YES;
				IPHONEOS_DEPLOYMENT_TARGET = 13.2;
				MTL_ENABLE_DEBUG_INFO = INCLUDE_SOURCE;
				MTL_FAST_MATH = YES;
				ONLY_ACTIVE_ARCH = YES;
				SDKROOT = iphoneos;
			};
			name = Debug;
		};
		1844262623C48F9B001FC014 /* Release */ = {
			isa = XCBuildConfiguration;
			buildSettings = {
				ALWAYS_SEARCH_USER_PATHS = NO;
				CLANG_ANALYZER_NONNULL = YES;
				CLANG_ANALYZER_NUMBER_OBJECT_CONVERSION = YES_AGGRESSIVE;
				CLANG_CXX_LANGUAGE_STANDARD = "gnu++14";
				CLANG_CXX_LIBRARY = "libc++";
				CLANG_ENABLE_MODULES = YES;
				CLANG_ENABLE_OBJC_ARC = YES;
				CLANG_ENABLE_OBJC_WEAK = YES;
				CLANG_WARN_BLOCK_CAPTURE_AUTORELEASING = YES;
				CLANG_WARN_BOOL_CONVERSION = YES;
				CLANG_WARN_COMMA = YES;
				CLANG_WARN_CONSTANT_CONVERSION = YES;
				CLANG_WARN_DEPRECATED_OBJC_IMPLEMENTATIONS = YES;
				CLANG_WARN_DIRECT_OBJC_ISA_USAGE = YES_ERROR;
				CLANG_WARN_DOCUMENTATION_COMMENTS = YES;
				CLANG_WARN_EMPTY_BODY = YES;
				CLANG_WARN_ENUM_CONVERSION = YES;
				CLANG_WARN_INFINITE_RECURSION = YES;
				CLANG_WARN_INT_CONVERSION = YES;
				CLANG_WARN_NON_LITERAL_NULL_CONVERSION = YES;
				CLANG_WARN_OBJC_IMPLICIT_RETAIN_SELF = YES;
				CLANG_WARN_OBJC_LITERAL_CONVERSION = YES;
				CLANG_WARN_OBJC_ROOT_CLASS = YES_ERROR;
				CLANG_WARN_RANGE_LOOP_ANALYSIS = YES;
				CLANG_WARN_STRICT_PROTOTYPES = YES;
				CLANG_WARN_SUSPICIOUS_MOVE = YES;
				CLANG_WARN_UNGUARDED_AVAILABILITY = YES_AGGRESSIVE;
				CLANG_WARN_UNREACHABLE_CODE = YES;
				CLANG_WARN__DUPLICATE_METHOD_MATCH = YES;
				COPY_PHASE_STRIP = NO;
				DEBUG_INFORMATION_FORMAT = "dwarf-with-dsym";
				ENABLE_NS_ASSERTIONS = NO;
				ENABLE_STRICT_OBJC_MSGSEND = YES;
				GCC_C_LANGUAGE_STANDARD = gnu11;
				GCC_NO_COMMON_BLOCKS = YES;
				GCC_WARN_64_TO_32_BIT_CONVERSION = YES;
				GCC_WARN_ABOUT_RETURN_TYPE = YES_ERROR;
				GCC_WARN_UNDECLARED_SELECTOR = YES;
				GCC_WARN_UNINITIALIZED_AUTOS = YES_AGGRESSIVE;
				GCC_WARN_UNUSED_FUNCTION = YES;
				GCC_WARN_UNUSED_VARIABLE = YES;
				IPHONEOS_DEPLOYMENT_TARGET = 13.2;
				MTL_ENABLE_DEBUG_INFO = NO;
				MTL_FAST_MATH = YES;
				SDKROOT = iphoneos;
				VALIDATE_PRODUCT = YES;
			};
			name = Release;
		};
		1844262823C48F9B001FC014 /* Debug */ = {
			isa = XCBuildConfiguration;
			buildSettings = {
				ASSETCATALOG_COMPILER_APPICON_NAME = AppIcon;
				CODE_SIGN_STYLE = Automatic;
				DEVELOPMENT_TEAM = ULNFL5C546;
				INFOPLIST_FILE = SpecsTestDemo/Info.plist;
				LD_RUNPATH_SEARCH_PATHS = (
					"$(inherited)",
					"@executable_path/Frameworks",
				);
				PRODUCT_BUNDLE_IDENTIFIER = team.mothod.SpecsTestDemo;
				PRODUCT_NAME = "$(TARGET_NAME)";
				TARGETED_DEVICE_FAMILY = "1,2";
			};
			name = Debug;
		};
		1844262923C48F9B001FC014 /* Release */ = {
			isa = XCBuildConfiguration;
			buildSettings = {
				ASSETCATALOG_COMPILER_APPICON_NAME = AppIcon;
				CODE_SIGN_STYLE = Automatic;
				DEVELOPMENT_TEAM = ULNFL5C546;
				INFOPLIST_FILE = SpecsTestDemo/Info.plist;
				LD_RUNPATH_SEARCH_PATHS = (
					"$(inherited)",
					"@executable_path/Frameworks",
				);
				PRODUCT_BUNDLE_IDENTIFIER = team.mothod.SpecsTestDemo;
				PRODUCT_NAME = "$(TARGET_NAME)";
				TARGETED_DEVICE_FAMILY = "1,2";
			};
			name = Release;
		};
		1844262B23C48F9B001FC014 /* Debug */ = {
			isa = XCBuildConfiguration;
			buildSettings = {
				BUNDLE_LOADER = "$(TEST_HOST)";
				CODE_SIGN_STYLE = Automatic;
				DEVELOPMENT_TEAM = ULNFL5C546;
				INFOPLIST_FILE = SpecsTestDemoTests/Info.plist;
				IPHONEOS_DEPLOYMENT_TARGET = 13.2;
				LD_RUNPATH_SEARCH_PATHS = (
					"$(inherited)",
					"@executable_path/Frameworks",
					"@loader_path/Frameworks",
				);
				PRODUCT_BUNDLE_IDENTIFIER = team.mothod.SpecsTestDemoTests;
				PRODUCT_NAME = "$(TARGET_NAME)";
				TARGETED_DEVICE_FAMILY = "1,2";
				TEST_HOST = "$(BUILT_PRODUCTS_DIR)/SpecsTestDemo.app/SpecsTestDemo";
			};
			name = Debug;
		};
		1844262C23C48F9B001FC014 /* Release */ = {
			isa = XCBuildConfiguration;
			buildSettings = {
				BUNDLE_LOADER = "$(TEST_HOST)";
				CODE_SIGN_STYLE = Automatic;
				DEVELOPMENT_TEAM = ULNFL5C546;
				INFOPLIST_FILE = SpecsTestDemoTests/Info.plist;
				IPHONEOS_DEPLOYMENT_TARGET = 13.2;
				LD_RUNPATH_SEARCH_PATHS = (
					"$(inherited)",
					"@executable_path/Frameworks",
					"@loader_path/Frameworks",
				);
				PRODUCT_BUNDLE_IDENTIFIER = team.mothod.SpecsTestDemoTests;
				PRODUCT_NAME = "$(TARGET_NAME)";
				TARGETED_DEVICE_FAMILY = "1,2";
				TEST_HOST = "$(BUILT_PRODUCTS_DIR)/SpecsTestDemo.app/SpecsTestDemo";
			};
			name = Release;
		};
		1844262E23C48F9B001FC014 /* Debug */ = {
			isa = XCBuildConfiguration;
			buildSettings = {
				CODE_SIGN_STYLE = Automatic;
				DEVELOPMENT_TEAM = ULNFL5C546;
				INFOPLIST_FILE = SpecsTestDemoUITests/Info.plist;
				LD_RUNPATH_SEARCH_PATHS = (
					"$(inherited)",
					"@executable_path/Frameworks",
					"@loader_path/Frameworks",
				);
				PRODUCT_BUNDLE_IDENTIFIER = team.mothod.SpecsTestDemoUITests;
				PRODUCT_NAME = "$(TARGET_NAME)";
				TARGETED_DEVICE_FAMILY = "1,2";
				TEST_TARGET_NAME = SpecsTestDemo;
			};
			name = Debug;
		};
		1844262F23C48F9B001FC014 /* Release */ = {
			isa = XCBuildConfiguration;
			buildSettings = {
				CODE_SIGN_STYLE = Automatic;
				DEVELOPMENT_TEAM = ULNFL5C546;
				INFOPLIST_FILE = SpecsTestDemoUITests/Info.plist;
				LD_RUNPATH_SEARCH_PATHS = (
					"$(inherited)",
					"@executable_path/Frameworks",
					"@loader_path/Frameworks",
				);
				PRODUCT_BUNDLE_IDENTIFIER = team.mothod.SpecsTestDemoUITests;
				PRODUCT_NAME = "$(TARGET_NAME)";
				TARGETED_DEVICE_FAMILY = "1,2";
				TEST_TARGET_NAME = SpecsTestDemo;
			};
			name = Release;
		};
/* End XCBuildConfiguration section */

/* Begin XCConfigurationList section */
		184425F323C48F96001FC014 /* Build configuration list for PBXProject "SpecsTestDemo" */ = {
			isa = XCConfigurationList;
			buildConfigurations = (
				1844262523C48F9B001FC014 /* Debug */,
				1844262623C48F9B001FC014 /* Release */,
			);
			defaultConfigurationIsVisible = 0;
			defaultConfigurationName = Release;
		};
		1844262723C48F9B001FC014 /* Build configuration list for PBXNativeTarget "SpecsTestDemo" */ = {
			isa = XCConfigurationList;
			buildConfigurations = (
				1844262823C48F9B001FC014 /* Debug */,
				1844262923C48F9B001FC014 /* Release */,
			);
			defaultConfigurationIsVisible = 0;
			defaultConfigurationName = Release;
		};
		1844262A23C48F9B001FC014 /* Build configuration list for PBXNativeTarget "SpecsTestDemoTests" */ = {
			isa = XCConfigurationList;
			buildConfigurations = (
				1844262B23C48F9B001FC014 /* Debug */,
				1844262C23C48F9B001FC014 /* Release */,
			);
			defaultConfigurationIsVisible = 0;
			defaultConfigurationName = Release;
		};
		1844262D23C48F9B001FC014 /* Build configuration list for PBXNativeTarget "SpecsTestDemoUITests" */ = {
			isa = XCConfigurationList;
			buildConfigurations = (
				1844262E23C48F9B001FC014 /* Debug */,
				1844262F23C48F9B001FC014 /* Release */,
			);
			defaultConfigurationIsVisible = 0;
			defaultConfigurationName = Release;
		};
/* End XCConfigurationList section */
	};
	rootObject = 184425F023C48F96001FC014 /* Project object */;
}
